
Microsoft Visual Studio Solution File, Format Version 12.00
# Visual Studio Version 17
VisualStudioVersion = 17.7.34202.233
MinimumVisualStudioVersion = 10.0.40219.1
Project("{FAE04EC0-301F-11D3-BF4B-00C04F79EFBC}") = "Comparers", "Comparers\Comparers.csproj", "{489338DD-69B0-4D8B-BEEC-DF8AC9DA6B40}"
EndProject
Project("{FAE04EC0-301F-11D3-BF4B-00C04F79EFBC}") = "Parameters", "Parameters\Parameters.csproj", "{FC63E2D2-8835-45A6-ADB7-6326514B2BEB}"
EndProject
Project("{FAE04EC0-301F-11D3-BF4B-00C04F79EFBC}") = "Delegates", "Delegates\Delegates.csproj", "{93AF0381-4F1C-454E-9BAE-524ECF37ED9B}"
EndProject
Global
	GlobalSection(SolutionConfigurationPlatforms) = preSolution
		Debug|Any CPU = Debug|Any CPU
		Release|Any CPU = Release|Any CPU
	EndGlobalSection
	GlobalSection(ProjectConfigurationPlatforms) = postSolution
		{489338DD-69B0-4D8B-BEEC-DF8AC9DA6B40}.Debug|Any CPU.ActiveCfg = Debug|Any CPU
		{489338DD-69B0-4D8B-BEEC-DF8AC9DA6B40}.Debug|Any CPU.Build.0 = Debug|Any CPU
		{489338DD-69B0-4D8B-BEEC-DF8AC9DA6B40}.Release|Any CPU.ActiveCfg = Release|Any CPU
		{489338DD-69B0-4D8B-BEEC-DF8AC9DA6B40}.Release|Any CPU.Build.0 = Release|Any CPU
		{FC63E2D2-8835-45A6-ADB7-6326514B2BEB}.Debug|Any CPU.ActiveCfg = Debug|Any CPU
		{FC63E2D2-8835-45A6-ADB7-6326514B2BEB}.Debug|Any CPU.Build.0 = Debug|Any CPU
		{FC63E2D2-8835-45A6-ADB7-6326514B2BEB}.Release|Any CPU.ActiveCfg = Release|Any CPU
		{FC63E2D2-8835-45A6-ADB7-6326514B2BEB}.Release|Any CPU.Build.0 = Release|Any CPU
		{93AF0381-4F1C-454E-9BAE-524ECF37ED9B}.Debug|Any CPU.ActiveCfg = Debug|Any CPU
		{93AF0381-4F1C-454E-9BAE-524ECF37ED9B}.Debug|Any CPU.Build.0 = Debug|Any CPU
		{93AF0381-4F1C-454E-9BAE-524ECF37ED9B}.Release|Any CPU.ActiveCfg = Release|Any CPU
		{93AF0381-4F1C-454E-9BAE-524ECF37ED9B}.Release|Any CPU.Build.0 = Release|Any CPU
	EndGlobalSection
	GlobalSection(SolutionProperties) = preSolution
		HideSolutionNode = FALSE
	EndGlobalSection
	GlobalSection(ExtensibilityGlobals) = postSolution
		SolutionGuid = {80DA5A22-313E-4528-B3E3-19D75D9B098B}
	EndGlobalSection
EndGlobal
