
Microsoft Visual Studio Solution File, Format Version 12.00
# Visual Studio Version 17
VisualStudioVersion = 17.7.34202.233
MinimumVisualStudioVersion = 10.0.40219.1
Project("{FAE04EC0-301F-11D3-BF4B-00C04F79EFBC}") = "Recursions", "Recursions\Recursions.csproj", "{0F37B93D-B8DD-4849-ACFC-D6D40DDC900D}"
EndProject
Project("{FAE04EC0-301F-11D3-BF4B-00C04F79EFBC}") = "Searching", "Searching\Searching.csproj", "{2F005F1C-5650-4E83-A40F-8B13A3658916}"
EndProject
Project("{FAE04EC0-301F-11D3-BF4B-00C04F79EFBC}") = "Smart Arrays", "Smart Arrays\Smart Arrays.csproj", "{0CAACBBC-C2E7-465E-8F5A-83730DCC0078}"
EndProject
Global
	GlobalSection(SolutionConfigurationPlatforms) = preSolution
		Debug|Any CPU = Debug|Any CPU
		Release|Any CPU = Release|Any CPU
	EndGlobalSection
	GlobalSection(ProjectConfigurationPlatforms) = postSolution
		{0F37B93D-B8DD-4849-ACFC-D6D40DDC900D}.Debug|Any CPU.ActiveCfg = Debug|Any CPU
		{0F37B93D-B8DD-4849-ACFC-D6D40DDC900D}.Debug|Any CPU.Build.0 = Debug|Any CPU
		{0F37B93D-B8DD-4849-ACFC-D6D40DDC900D}.Release|Any CPU.ActiveCfg = Release|Any CPU
		{0F37B93D-B8DD-4849-ACFC-D6D40DDC900D}.Release|Any CPU.Build.0 = Release|Any CPU
		{2F005F1C-5650-4E83-A40F-8B13A3658916}.Debug|Any CPU.ActiveCfg = Debug|Any CPU
		{2F005F1C-5650-4E83-A40F-8B13A3658916}.Debug|Any CPU.Build.0 = Debug|Any CPU
		{2F005F1C-5650-4E83-A40F-8B13A3658916}.Release|Any CPU.ActiveCfg = Release|Any CPU
		{2F005F1C-5650-4E83-A40F-8B13A3658916}.Release|Any CPU.Build.0 = Release|Any CPU
		{0CAACBBC-C2E7-465E-8F5A-83730DCC0078}.Debug|Any CPU.ActiveCfg = Debug|Any CPU
		{0CAACBBC-C2E7-465E-8F5A-83730DCC0078}.Debug|Any CPU.Build.0 = Debug|Any CPU
		{0CAACBBC-C2E7-465E-8F5A-83730DCC0078}.Release|Any CPU.ActiveCfg = Release|Any CPU
		{0CAACBBC-C2E7-465E-8F5A-83730DCC0078}.Release|Any CPU.Build.0 = Release|Any CPU
	EndGlobalSection
	GlobalSection(SolutionProperties) = preSolution
		HideSolutionNode = FALSE
	EndGlobalSection
	GlobalSection(ExtensibilityGlobals) = postSolution
		SolutionGuid = {01D29126-CED3-4DDB-8385-265799F75F4E}
	EndGlobalSection
EndGlobal
